github.com/creack/pty v1.1.16 h1:vfetlOf3A+9YKggibynnX9mnFjuSVvkRj+IWpcTSLEQ=
github.com/creack/pty v1.1.16/go.mod h1:MOBLtS5ELjhRRrroQr9kyvTxUAFNvYEK993ew/Vr4O4=
github.com/go-cmd/cmd v1.3.0 h1:Wet2eYkLouFqyiG+x6P6l8CICRywhRD6sjMNalTSvbs=
github.com/go-cmd/cmd v1.3.0/go.mod h1:l/X/csRuYRDqiQIz9PPJBn4xDrdxgBXeLE9x1BeFU6M=
github.com/go-test/deep v1.0.6/go.mod h1:QV8Hv/iy04NyLBxAdO9njL0iVPN1S4d/A3NVv1V36o8=
